
Microsoft Visual Studio Solution File, Format Version 12.00
# Visual Studio Version 16
VisualStudioVersion = 25.0.1706.0
MinimumVisualStudioVersion = 10.0.40219.1
Project("{FAE04EC0-301F-11D3-BF4B-00C04F79EFBC}") = "CRUDWebAPI", "CRUDWebAPI\CRUDWebAPI.csproj", "{B8512B4F-AB4C-4148-9163-81DE2FABB57E}"
EndProject
Global
	GlobalSection(SolutionConfigurationPlatforms) = preSolution
		Debug|Any CPU = Debug|Any CPU
		Release|Any CPU = Release|Any CPU
	EndGlobalSection
	GlobalSection(ProjectConfigurationPlatforms) = postSolution
		{B8512B4F-AB4C-4148-9163-81DE2FABB57E}.Debug|Any CPU.ActiveCfg = Debug|Any CPU
		{B8512B4F-AB4C-4148-9163-81DE2FABB57E}.Debug|Any CPU.Build.0 = Debug|Any CPU
		{B8512B4F-AB4C-4148-9163-81DE2FABB57E}.Release|Any CPU.ActiveCfg = Release|Any CPU
		{B8512B4F-AB4C-4148-9163-81DE2FABB57E}.Release|Any CPU.Build.0 = Release|Any CPU
	EndGlobalSection
	GlobalSection(SolutionProperties) = preSolution
		HideSolutionNode = FALSE
	EndGlobalSection
	GlobalSection(ExtensibilityGlobals) = postSolution
		SolutionGuid = {2BB55E4B-986F-4693-B912-DF32D765CC76}
	EndGlobalSection
EndGlobal
